{
	"name": "user",
	"version": "1.0.0",
	"lockfileVersion": 1,
	"requires": true,
	"dependencies": {
		"after-all-results": {
			"version": "2.0.0",
			"resolved": "https://registry.npmjs.org/after-all-results/-/after-all-results-2.0.0.tgz",
			"integrity": "sha1-asL8ICtQD4jaj09VMM+hAPTGotA="
		},
		"amqplib": {
			"version": "0.5.3",
			"resolved": "https://registry.npmjs.org/amqplib/-/amqplib-0.5.3.tgz",
			"integrity": "sha512-ZOdUhMxcF+u62rPI+hMtU1NBXSDFQ3eCJJrenamtdQ7YYwh7RZJHOIM1gonVbZ5PyVdYH4xqBPje9OYqk7fnqw==",
			"requires": {
				"bitsyntax": "~0.1.0",
				"bluebird": "^3.5.2",
				"buffer-more-ints": "~1.0.0",
				"readable-stream": "1.x >=1.1.9",
				"safe-buffer": "~5.1.2",
				"url-parse": "~1.4.3"
			}
		},
		"async": {
			"version": "2.6.1",
			"resolved": "https://registry.npmjs.org/async/-/async-2.6.1.tgz",
			"integrity": "sha512-fNEiL2+AZt6AlAw/29Cr0UDe4sRAHCpEHh54WMz+Bb7QfNcFw4h3loofyJpLeQs4Yx7yuqu/2dLgM5hKOs6HlQ==",
			"requires": {
				"lodash": "^4.17.10"
			}
		},
		"async-cache": {
			"version": "1.1.0",
			"resolved": "https://registry.npmjs.org/async-cache/-/async-cache-1.1.0.tgz",
			"integrity": "sha1-SppaidBl7F2OUlS9nulrp2xTK1o=",
			"requires": {
				"lru-cache": "^4.0.0"
			}
		},
		"async-value": {
			"version": "1.2.2",
			"resolved": "https://registry.npmjs.org/async-value/-/async-value-1.2.2.tgz",
			"integrity": "sha1-hFF6Hny2saW14YH6Mb4QQ3t/sSU="
		},
		"async-value-promise": {
			"version": "1.1.1",
			"resolved": "https://registry.npmjs.org/async-value-promise/-/async-value-promise-1.1.1.tgz",
			"integrity": "sha512-c2RFDKjJle1rHa0YxN9Ysu97/QBu3Wa+NOejJxsX+1qVDJrkD3JL/GN1B3gaILAEXJXbu/4Z1lcoCHFESe/APA==",
			"requires": {
				"async-value": "^1.2.2"
			}
		},
		"basic-auth": {
			"version": "2.0.1",
			"resolved": "https://registry.npmjs.org/basic-auth/-/basic-auth-2.0.1.tgz",
			"integrity": "sha512-NF+epuEdnUYVlGuhaxbbq+dvJttwLnGY+YixlXlME5KpQ5W3CnXA5cVTneY3SPbPDRkcjMbifrwmFYcClgOZeg==",
			"requires": {
				"safe-buffer": "5.1.2"
      }
    },
		"axios": {
			"version": "0.18.0",
			"resolved": "https://registry.npmjs.org/axios/-/axios-0.18.0.tgz",
			"integrity": "sha1-MtU+SFHv3AoRmTts0AB4nXDAUQI=",
			"requires": {
				"follow-redirects": "^1.3.0",
				"is-buffer": "^1.1.5"\
			}
		},
		"bcryptjs": {
			"version": "2.4.3",
			"resolved": "https://registry.npmjs.org/bcryptjs/-/bcryptjs-2.4.3.tgz",
			"integrity": "sha1-mrVie5PmBiH/fNrF2pczAn3x0Ms="
		},
		"binary-search": {
			"version": "1.3.5",
			"resolved": "https://registry.npmjs.org/binary-search/-/binary-search-1.3.5.tgz",
			"integrity": "sha512-RHFP0AdU6KAB0CCZsRMU2CJTk2EpL8GLURT+4gilpjr1f/7M91FgUMnXuQLmf3OKLet34gjuNFwO7e4agdX5pw=="
		},
		"bitsyntax": {
			"version": "0.1.0",
			"resolved": "https://registry.npmjs.org/bitsyntax/-/bitsyntax-0.1.0.tgz",
			"integrity": "sha512-ikAdCnrloKmFOugAfxWws89/fPc+nw0OOG1IzIE72uSOg/A3cYptKCjSUhDTuj7fhsJtzkzlv7l3b8PzRHLN0Q==",
			"requires": {
				"buffer-more-ints": "~1.0.0",
				"debug": "~2.6.9",
				"safe-buffer": "~5.1.2"
			}
		},
		"bluebird": {
			"version": "3.5.3",
			"resolved": "https://registry.npmjs.org/bluebird/-/bluebird-3.5.3.tgz",
			"integrity": "sha512-/qKPUQlaW1OyR51WeCPBvRnAlnZFUJkCSG5HzGnuIqhgyJtF+T94lFnn33eiazjRm2LAHVy2guNnaq48X9SJuw=="
		},
		"breadth-filter": {
			"version": "1.2.0",
			"resolved": "https://registry.npmjs.org/breadth-filter/-/breadth-filter-1.2.0.tgz",
			"integrity": "sha512-GgzBgmc+il3C4QecBUNTZbCPLmSOKAr+w++5NXkIfOrBD8923Jyt5ndUyxKv01IUTl8PvuX7B9ufoKPK0ssjNw==",
			"requires": {
				"object.entries": "^1.0.4"
			}
		},
		"bson": {
			"version": "1.1.0",
			"resolved": "https://registry.npmjs.org/bson/-/bson-1.1.0.tgz",
			"integrity": "sha512-9Aeai9TacfNtWXOYarkFJRW2CWo+dRon+fuLZYJmvLV3+MiUp0bEI6IAZfXEIg7/Pl/7IWlLaDnhzTsD81etQA=="
		},
		"buffer-more-ints": {
			"version": "1.0.0",
			"resolved": "https://registry.npmjs.org/buffer-more-ints/-/buffer-more-ints-1.0.0.tgz",
			"integrity": "sha512-EMetuGFz5SLsT0QTnXzINh4Ksr+oo4i+UGTXEshiGCQWnsgSs7ZhJ8fzlwQ+OzEMs0MpDAMr1hxnblp5a4vcHg=="
		},
		"console-log-level": {
			"version": "1.4.1",
			"resolved": "https://registry.npmjs.org/console-log-level/-/console-log-level-1.4.1.tgz",
			"integrity": "sha512-VZzbIORbP+PPcN/gg3DXClTLPLg5Slwd5fL2MIc+o1qZ4BXBvWyc6QxPk6T/Mkr6IVjRpoAGf32XxP3ZWMVRcQ=="
		},
		"container-info": {
			"version": "1.0.0",
			"resolved": "https://registry.npmjs.org/container-info/-/container-info-1.0.0.tgz",
			"integrity": "sha512-yl+/WdJypQqsKraC94YcSMIMO7MMw1OUl47stuI74WlmOo8kXJehCMDH9B3ILoRwDctVnd7I77UDGflABoMrng=="
		},
		"cookie": {
			"version": "0.3.1",
			"resolved": "https://registry.npmjs.org/cookie/-/cookie-0.3.1.tgz",
			"integrity": "sha1-5+Ch+e9DtMi6klxcWpboBtFoc7s="
		},
		"core-util-is": {
			"version": "1.0.2",
			"resolved": "https://registry.npmjs.org/core-util-is/-/core-util-is-1.0.2.tgz",
			"integrity": "sha1-tf1UIgqivFq1eqtxQMlAdUUDwac="
		},
		"debug": {
			"version": "2.6.9",
			"resolved": "https://registry.npmjs.org/debug/-/debug-2.6.9.tgz",
			"integrity": "sha512-bC7ElrdJaJnPbAP+1EotYvqZsb3ecl5wi6Bfi6BJTUcNowp6cvspg0jXznRTKDjm/E7AdgFBVeAPVMNcKGsHMA==",
			"requires": {
				"ms": "2.0.0"
			}
		},
		"define-properties": {
			"version": "1.1.3",
			"resolved": "https://registry.npmjs.org/define-properties/-/define-properties-1.1.3.tgz",
			"integrity": "sha512-3MqfYKj2lLzdMSf8ZIZE/V+Zuy+BgD6f164e8K2w7dgnpKArBDerGYpM46IYYcjnkdPNMjPk9A6VFB8+3SKlXQ==",
			"requires": {
				"object-keys": "^1.0.12"
			}
		},
		"elastic-apm-http-client": {
			"version": "7.1.1",
			"resolved": "https://registry.npmjs.org/elastic-apm-http-client/-/elastic-apm-http-client-7.1.1.tgz",
			"integrity": "sha512-SqFzMmi3ljGwpR0RaBDWf3AVPCcEkkHpws8OSrASQ7Q+Qf4llekOZIwtc1qM6ZaxN7ZlJRHiIzOCJGB9t+Yuyg==",
			"requires": {
				"breadth-filter": "^1.2.0",
				"container-info": "^1.0.0",
				"end-of-stream": "^1.4.1",
				"fast-safe-stringify": "^2.0.6",
				"fast-stream-to-buffer": "^1.0.0",
				"pump": "^3.0.0",
				"readable-stream": "^3.0.6",
				"stream-chopper": "^3.0.1",
				"unicode-byte-truncate": "^1.0.0"
			},
			"dependencies": {
				"readable-stream": {
					"version": "3.2.0",
					"resolved": "https://registry.npmjs.org/readable-stream/-/readable-stream-3.2.0.tgz",
					"integrity": "sha512-RV20kLjdmpZuTF1INEb9IA3L68Nmi+Ri7ppZqo78wj//Pn62fCoJyV9zalccNzDD/OuJpMG4f+pfMl8+L6QdGw==",
					"requires": {
						"inherits": "^2.0.3",
						"string_decoder": "^1.1.1",
						"util-deprecate": "^1.0.1"
					}
				},
				"string_decoder": {
					"version": "1.2.0",
					"resolved": "https://registry.npmjs.org/string_decoder/-/string_decoder-1.2.0.tgz",
					"integrity": "sha512-6YqyX6ZWEYguAxgZzHGL7SsCeGx3V2TtOTqZz1xSTSWnqsbWwbptafNyvf/ACquZUXV3DANr5BDIwNYe1mN42w==",
					"requires": {
						"safe-buffer": "~5.1.0"
					}
				}
			}
		},
		"elastic-apm-node": {
			"version": "2.6.0",
			"resolved": "https://registry.npmjs.org/elastic-apm-node/-/elastic-apm-node-2.6.0.tgz",
			"integrity": "sha512-K0ku8T1QvMDd2sIbx2Xs9vbfgU/6iIY8nHWZQNK72JdzuSM9q1y/a37s43VjNY4LvHp8NkHDPj4lQPSMhtUCKg==",
			"requires": {
				"after-all-results": "^2.0.0",
				"async-value-promise": "^1.1.1",
				"basic-auth": "^2.0.1",
				"console-log-level": "^1.4.0",
				"cookie": "^0.3.1",
				"core-util-is": "^1.0.2",
				"elastic-apm-http-client": "^7.1.1",
				"end-of-stream": "^1.4.1",
				"fast-safe-stringify": "^2.0.6",
				"http-headers": "^3.0.2",
				"is-native": "^1.0.1",
				"measured-reporting": "^1.39.1",
				"object-filter-sequence": "^1.0.0",
				"original-url": "^1.2.2",
				"read-pkg-up": "^4.0.0",
				"redact-secrets": "^1.0.0",
				"relative-microtime": "^2.0.0",
				"require-ancestors": "^1.0.0",
				"require-in-the-middle": "^3.1.0",
				"semver": "^5.6.0",
				"set-cookie-serde": "^1.0.0",
				"sql-summary": "^1.0.1",
				"stackman": "^3.0.2",
				"traceparent": "^1.0.0",
				"unicode-byte-truncate": "^1.0.0"
			}
		},
		"end-of-stream": {
			"version": "1.4.1",
			"resolved": "https://registry.npmjs.org/end-of-stream/-/end-of-stream-1.4.1.tgz",
			"integrity": "sha512-1MkrZNvWTKCaigbn+W15elq2BB/L22nqrSY5DKlo3X6+vclJm8Bb5djXJBmEX6fS3+zCh/F4VBK5Z2KxJt4s2Q==",
			"requires": {
				"once": "^1.4.0"
			}
		},
		"error-callsites": {
			"version": "1.0.1",
			"resolved": "https://registry.npmjs.org/error-callsites/-/error-callsites-1.0.1.tgz",
			"integrity": "sha1-QoYWmt+PwSSC9VYRFyTFrthzppI="
		},
		"error-ex": {
			"version": "1.3.2",
			"resolved": "https://registry.npmjs.org/error-ex/-/error-ex-1.3.2.tgz",
			"integrity": "sha512-7dFHNmqeFSEt2ZBsCriorKnn3Z2pj+fd9kmI6QoWw4//DL+icEBfc0U7qJCisqrTsKTjw4fNFy2pW9OqStD84g==",
			"requires": {
				"is-arrayish": "^0.2.1"
			}
		},
		"es-abstract": {
			"version": "1.13.0",
			"resolved": "https://registry.npmjs.org/es-abstract/-/es-abstract-1.13.0.tgz",
			"integrity": "sha512-vDZfg/ykNxQVwup/8E1BZhVzFfBxs9NqMzGcvIJrqg5k2/5Za2bWo40dK2J1pgLngZ7c+Shh8lwYtLGyrwPutg==",
			"requires": {
				"es-to-primitive": "^1.2.0",
				"function-bind": "^1.1.1",
				"has": "^1.0.3",
				"is-callable": "^1.1.4",
				"is-regex": "^1.0.4",
				"object-keys": "^1.0.12"
			}
		},
		"es-to-primitive": {
			"version": "1.2.0",
			"resolved": "https://registry.npmjs.org/es-to-primitive/-/es-to-primitive-1.2.0.tgz",
			"integrity": "sha512-qZryBOJjV//LaxLTV6UC//WewneB3LcXOL9NP++ozKVXsIIIpm/2c13UDiD9Jp2eThsecw9m3jPqDwTyobcdbg==",
			"requires": {
				"is-callable": "^1.1.4",
				"is-date-object": "^1.0.1",
				"is-symbol": "^1.0.2"
			}
		},
		"fast-safe-stringify": {
			"version": "2.0.6",
			"resolved": "https://registry.npmjs.org/fast-safe-stringify/-/fast-safe-stringify-2.0.6.tgz",
			"integrity": "sha512-q8BZ89jjc+mz08rSxROs8VsrBBcn1SIw1kq9NjolL509tkABRk9io01RAjSaEv1Xb2uFLt8VtRiZbGp5H8iDtg=="
		},
		"fast-stream-to-buffer": {
			"version": "1.0.0",
			"resolved": "https://registry.npmjs.org/fast-stream-to-buffer/-/fast-stream-to-buffer-1.0.0.tgz",
			"integrity": "sha512-bI/544WUQlD2iXBibQbOMSmG07Hay7YrpXlKaeGTPT7H7pC0eitt3usak5vUwEvCGK/O7rUAM3iyQValGU22TQ==",
			"requires": {
				"end-of-stream": "^1.4.1"
			}
		},
		"find-up": {
			"version": "3.0.0",
			"resolved": "https://registry.npmjs.org/find-up/-/find-up-3.0.0.tgz",
			"integrity": "sha512-1yD6RmLI1XBfxugvORwlck6f75tYL+iR0jqwsOrOxMZyGYqUuDhJ0l4AXdO1iX/FTs9cBAMEk1gWSEx1kSbylg==",
			"requires": {
				"locate-path": "^3.0.0"
			}
		},
		"forwarded-parse": {
			"version": "2.1.0",
			"resolved": "https://registry.npmjs.org/forwarded-parse/-/forwarded-parse-2.1.0.tgz",
			"integrity": "sha512-as9a7Xelt0CvdUy7/qxrY73dZq2vMx49F556fwjjFrUyzq5uHHfeLgD2cCq/6P4ZvusGZzjD6aL2NdgGdS5Cew=="
		},
		"function-bind": {
			"version": "1.1.1",
			"resolved": "https://registry.npmjs.org/function-bind/-/function-bind-1.1.1.tgz",
			"integrity": "sha512-yIovAzMX49sF8Yl58fSCWJ5svSLuaibPxXQJFLmBObTuCr0Mf1KiPopGM9NiFjiYBCbfaa2Fh6breQ6ANVTI0A=="
		},
		"graceful-fs": {
			"version": "4.1.15",
			"resolved": "https://registry.npmjs.org/graceful-fs/-/graceful-fs-4.1.15.tgz",
			"integrity": "sha512-6uHUhOPEBgQ24HM+r6b/QwWfZq+yiFcipKFrOFiBEnWdy5sdzYoi+pJeQaPI5qOLRFqWmAXUPQNsielzdLoecA=="
		},
		"has": {
			"version": "1.0.3",
			"resolved": "https://registry.npmjs.org/has/-/has-1.0.3.tgz",
			"integrity": "sha512-f2dvO0VU6Oej7RkWJGrehjbzMAjFp5/VKPp5tTpWIV4JHHZK1/BxbFRtf/siA2SWTe09caDmVtYYzWEIbBS4zw==",
			"requires": {
				"function-bind": "^1.1.1"
			}
		},
		"has-symbols": {
			"version": "1.0.0",
			"resolved": "https://registry.npmjs.org/has-symbols/-/has-symbols-1.0.0.tgz",
			"integrity": "sha1-uhqPGvKg/DllD1yFA2dwQSIGO0Q="
		},
		"hosted-git-info": {
			"version": "2.7.1",
			"resolved": "https://registry.npmjs.org/hosted-git-info/-/hosted-git-info-2.7.1.tgz",
			"integrity": "sha512-7T/BxH19zbcCTa8XkMlbK5lTo1WtgkFi3GvdWEyNuc4Vex7/9Dqbnpsf4JMydcfj9HCg4zUWFTL3Za6lapg5/w=="
		},
		"http-headers": {
			"version": "3.0.2",
			"resolved": "https://registry.npmjs.org/http-headers/-/http-headers-3.0.2.tgz",
			"integrity": "sha512-87E1I+2Wg4dxxz4rcxElo3dxO/w1ZtgL1yA0Sb6vH3qU16vRKq1NjWQv9SCY3ly2OQROcoxHZOUpmelS+k6wOw==",
			"requires": {
				"next-line": "^1.1.0"
			}
		},
		"in-publish": {
			"version": "2.0.0",
			"resolved": "https://registry.npmjs.org/in-publish/-/in-publish-2.0.0.tgz",
			"integrity": "sha1-4g/146KvwmkDILbcVSaCqcf631E="
		},
		"follow-redirects": {
			"version": "1.7.0",
			"resolved": "https://registry.npmjs.org/follow-redirects/-/follow-redirects-1.7.0.tgz",
			"integrity": "sha512-m/pZQy4Gj287eNy94nivy5wchN3Kp+Q5WgUPNy5lJSZ3sgkVKSYV/ZChMAQVIgx1SqfZ2zBZtPA2YlXIWxxJOQ==",
			"requires": {
				"debug": "^3.2.6"
			},
			"dependencies": {
				"debug": {
					"version": "3.2.6",
					"resolved": "https://registry.npmjs.org/debug/-/debug-3.2.6.tgz",
					"integrity": "sha512-mel+jf7nrtEl5Pn1Qx46zARXKDpBbvzezse7p7LqINmdoIk8PYP5SySaxEmYv6TZ0JyEKA1hsCId6DIhgITtWQ==",
					"requires": {
						"ms": "^2.1.1"
					}
				},
				"ms": {
					"version": "2.1.1",
					"resolved": "https://registry.npmjs.org/ms/-/ms-2.1.1.tgz",
					"integrity": "sha512-tgp+dl5cGk28utYktBsrFqA7HKgrhgPsg6Z/EfhWI4gl1Hwq8B/GmY/0oXZ6nF8hDVesS/FpnYaD/kOWhYQvyg=="
				}
			}
		},
		"inherits": {
			"version": "2.0.3",
			"resolved": "https://registry.npmjs.org/inherits/-/inherits-2.0.3.tgz",
			"integrity": "sha1-Yzwsg+PaQqUC9SRmAiSA9CCCYd4="
		},
		"is-arrayish": {
			"version": "0.2.1",
			"resolved": "https://registry.npmjs.org/is-arrayish/-/is-arrayish-0.2.1.tgz",
			"integrity": "sha1-d8mYQFJ6qOyxqLppe4BkWnqSap0="
		},
		"is-callable": {
			"version": "1.1.4",
			"resolved": "https://registry.npmjs.org/is-callable/-/is-callable-1.1.4.tgz",
			"integrity": "sha512-r5p9sxJjYnArLjObpjA4xu5EKI3CuKHkJXMhT7kwbpUyIFD1n5PMAsoPvWnvtZiNz7LjkYDRZhd7FlI0eMijEA=="
		},
		"is-date-object": {
			"version": "1.0.1",
			"resolved": "https://registry.npmjs.org/is-date-object/-/is-date-object-1.0.1.tgz",
			"integrity": "sha1-mqIOtq7rv/d/vTPnTKAbM1gdOhY="
		},
		"is-finite": {
			"version": "1.0.2",
			"resolved": "https://registry.npmjs.org/is-finite/-/is-finite-1.0.2.tgz",
			"integrity": "sha1-zGZ3aVYCvlUO8R6LSqYwU0K20Ko=",
			"requires": {
				"number-is-nan": "^1.0.0"
			}
		},
		"is-integer": {
			"version": "1.0.7",
			"resolved": "https://registry.npmjs.org/is-integer/-/is-integer-1.0.7.tgz",
			"integrity": "sha1-a96Bqs3feLZZtmKdYpytxRqIbVw=",
			"requires": {
				"is-finite": "^1.0.0"
			}
		},
		"is-native": {
			"version": "1.0.1",
			"resolved": "https://registry.npmjs.org/is-native/-/is-native-1.0.1.tgz",
			"integrity": "sha1-zRjMFi6EUNaDtbq+eayZwUVElnU=",
			"requires": {
				"is-nil": "^1.0.0",
				"to-source-code": "^1.0.0"
			}
		},
		"is-nil": {
			"version": "1.0.1",
			"resolved": "https://registry.npmjs.org/is-nil/-/is-nil-1.0.1.tgz",
			"integrity": "sha1-LauingtYUGOHXntTnQcfWxWTeWk="
		},
		"is-regex": {
			"version": "1.0.4",
			"resolved": "https://registry.npmjs.org/is-regex/-/is-regex-1.0.4.tgz",
			"integrity": "sha1-VRdIm1RwkbCTDglWVM7SXul+lJE=",
			"requires": {
				"has": "^1.0.1"
			}
		},
		"is-secret": {
			"version": "1.2.1",
			"resolved": "https://registry.npmjs.org/is-secret/-/is-secret-1.2.1.tgz",
			"integrity": "sha512-VtBantcgKL2a64fDeCmD1JlkHToh3v0bVOhyJZ5aGTjxtCgrdNcjaC9GaaRFXi19gA4/pYFpnuyoscIgQCFSMQ=="
		},
		"is-symbol": {
			"version": "1.0.2",
			"resolved": "https://registry.npmjs.org/is-symbol/-/is-symbol-1.0.2.tgz",
			"integrity": "sha512-HS8bZ9ox60yCJLH9snBpIwv9pYUAkcuLhSA1oero1UB5y9aiQpRA8y2ex945AOtCZL1lJDeIk3G5LthswI46Lw==",
			"requires": {
				"has-symbols": "^1.0.0"
			}
    },
		"is-buffer": {
			"version": "1.1.6",
			"resolved": "https://registry.npmjs.org/is-buffer/-/is-buffer-1.1.6.tgz",
			"integrity": "sha512-NcdALwpXkTm5Zvvbk7owOUSvVvBKDgKP5/ewfXEznmQFfs4ZRmanOeKBTjRVjka3QFoN6XJ+9F3USqfHqTaU5w=="
		},
		"isarray": {
			"version": "0.0.1",
			"resolved": "https://registry.npmjs.org/isarray/-/isarray-0.0.1.tgz",
			"integrity": "sha1-ihis/Kmo9Bd+Cav8YDiTmwXR7t8="
		},
		"json-parse-better-errors": {
			"version": "1.0.2",
			"resolved": "https://registry.npmjs.org/json-parse-better-errors/-/json-parse-better-errors-1.0.2.tgz",
			"integrity": "sha512-mrqyZKfX5EhL7hvqcV6WG1yYjnjeuYDzDhhcAAUrq8Po85NBQBJP+ZDUT75qZQ98IkUoBqdkExkukOU7Ts2wrw=="
		},
		"kareem": {
			"version": "2.3.0",
			"resolved": "https://registry.npmjs.org/kareem/-/kareem-2.3.0.tgz",
			"integrity": "sha512-6hHxsp9e6zQU8nXsP+02HGWXwTkOEw6IROhF2ZA28cYbUk4eJ6QbtZvdqZOdD9YPKghG3apk5eOCvs+tLl3lRg=="
		},
		"load-json-file": {
			"version": "4.0.0",
			"resolved": "https://registry.npmjs.org/load-json-file/-/load-json-file-4.0.0.tgz",
			"integrity": "sha1-L19Fq5HjMhYjT9U62rZo607AmTs=",
			"requires": {
				"graceful-fs": "^4.1.2",
				"parse-json": "^4.0.0",
				"pify": "^3.0.0",
				"strip-bom": "^3.0.0"
			}
		},
		"load-source-map": {
			"version": "1.0.0",
			"resolved": "https://registry.npmjs.org/load-source-map/-/load-source-map-1.0.0.tgz",
			"integrity": "sha1-MY9JkFzopwnft8w/FvPv47zx3QU=",
			"requires": {
				"in-publish": "^2.0.0",
				"semver": "^5.3.0",
				"source-map": "^0.5.6"
			}
		},
		"locate-path": {
			"version": "3.0.0",
			"resolved": "https://registry.npmjs.org/locate-path/-/locate-path-3.0.0.tgz",
			"integrity": "sha512-7AO748wWnIhNqAuaty2ZWHkQHRSNfPVIsPIfwEOWO22AmaoVrWavlOcMR5nzTLNYvp36X220/maaRsrec1G65A==",
			"requires": {
				"p-locate": "^3.0.0",
				"path-exists": "^3.0.0"
			}
		},
		"lodash": {
			"version": "4.17.11",
			"resolved": "https://registry.npmjs.org/lodash/-/lodash-4.17.11.tgz",
			"integrity": "sha512-cQKh8igo5QUhZ7lg38DYWAxMvjSAKG0A8wGSVimP07SIUEK2UO+arSRKbRZWtelMtN5V0Hkwh5ryOto/SshYIg=="
		},
		"lru-cache": {
			"version": "4.1.5",
			"resolved": "https://registry.npmjs.org/lru-cache/-/lru-cache-4.1.5.tgz",
			"integrity": "sha512-sWZlbEP2OsHNkXrMl5GYk/jKk70MBng6UU4YI/qGDYbgf6YbP4EvmqISbXCoJiRKs+1bSpFHVgQxvJ17F2li5g==",
			"requires": {
				"pseudomap": "^1.0.2",
				"yallist": "^2.1.2"
			}
		},
		"measured-core": {
			"version": "1.41.0",
			"resolved": "https://registry.npmjs.org/measured-core/-/measured-core-1.41.0.tgz",
			"integrity": "sha512-DyhkRMFWq4UINKvh+zSvJaR8i1pBdpuuj0uS0GPvmWypKpSr3zHZEiU7lakQE+snfyCdKhUbUICJOJZ4Xdsnew==",
			"requires": {
				"binary-search": "^1.3.3",
				"optional-js": "^2.0.0"
			}
		},
		"measured-reporting": {
			"version": "1.41.0",
			"resolved": "https://registry.npmjs.org/measured-reporting/-/measured-reporting-1.41.0.tgz",
			"integrity": "sha512-x611burMbr8nMx7baygFKAledialWYHmW6t48j0lHg2KvG1Xfsd505iEtTUXt/y3FUmfVlt9lwIYTvP8jvpm5g==",
			"requires": {
				"console-log-level": "^1.4.1",
				"measured-core": "^1.41.0",
				"optional-js": "^2.0.0"
			}
		},
		"memory-pager": {
			"version": "1.5.0",
			"resolved": "https://registry.npmjs.org/memory-pager/-/memory-pager-1.5.0.tgz",
			"integrity": "sha512-ZS4Bp4r/Zoeq6+NLJpP+0Zzm0pR8whtGPf1XExKLJBAczGMnSi3It14OiNCStjQjM6NU1okjQGSxgEZN8eBYKg==",
			"optional": true
		},
		"module-details-from-path": {
			"version": "1.0.3",
			"resolved": "https://registry.npmjs.org/module-details-from-path/-/module-details-from-path-1.0.3.tgz",
			"integrity": "sha1-EUyUlnPiqKNenTV4hSeqN7Z52is="
		},
		"mongodb": {
			"version": "3.1.10",
			"resolved": "https://registry.npmjs.org/mongodb/-/mongodb-3.1.10.tgz",
			"integrity": "sha512-Uml42GeFxhTGQVml1XQ4cD0o/rp7J2ROy0fdYUcVitoE7vFqEhKH4TYVqRDpQr/bXtCJVxJdNQC1ntRxNREkPQ==",
			"requires": {
				"mongodb-core": "3.1.9",
				"safe-buffer": "^5.1.2"
			}
		},
		"mongodb-core": {
			"version": "3.1.9",
			"resolved": "https://registry.npmjs.org/mongodb-core/-/mongodb-core-3.1.9.tgz",
			"integrity": "sha512-MJpciDABXMchrZphh3vMcqu8hkNf/Mi+Gk6btOimVg1XMxLXh87j6FAvRm+KmwD1A9fpu3qRQYcbQe4egj23og==",
			"requires": {
				"bson": "^1.1.0",
				"require_optional": "^1.0.1",
				"safe-buffer": "^5.1.2",
				"saslprep": "^1.0.0"
			}
		},
		"mongoose": {
			"version": "5.4.5",
			"resolved": "https://registry.npmjs.org/mongoose/-/mongoose-5.4.5.tgz",
			"integrity": "sha512-TO1xFVyZHALSaN3EEXY5rhpKNYDF0SQxK2TlYbCOGD/rurv9c9PQiNV6xcDZ09FPIoj/cOy4xDJnt3LnthTv5A==",
			"requires": {
				"async": "2.6.1",
				"bson": "~1.1.0",
				"kareem": "2.3.0",
				"mongodb": "3.1.10",
				"mongodb-core": "3.1.9",
				"mongoose-legacy-pluralize": "1.0.2",
				"mpath": "0.5.1",
				"mquery": "3.2.0",
				"ms": "2.0.0",
				"regexp-clone": "0.0.1",
				"safe-buffer": "5.1.2",
				"sliced": "1.0.1"
			}
		},
		"mongoose-legacy-pluralize": {
			"version": "1.0.2",
			"resolved": "https://registry.npmjs.org/mongoose-legacy-pluralize/-/mongoose-legacy-pluralize-1.0.2.tgz",
			"integrity": "sha512-Yo/7qQU4/EyIS8YDFSeenIvXxZN+ld7YdV9LqFVQJzTLye8unujAWPZ4NWKfFA+RNjh+wvTWKY9Z3E5XM6ZZiQ=="
		},
		"mpath": {
			"version": "0.5.1",
			"resolved": "https://registry.npmjs.org/mpath/-/mpath-0.5.1.tgz",
			"integrity": "sha512-H8OVQ+QEz82sch4wbODFOz+3YQ61FYz/z3eJ5pIdbMEaUzDqA268Wd+Vt4Paw9TJfvDgVKaayC0gBzMIw2jhsg=="
		},
		"mquery": {
			"version": "3.2.0",
			"resolved": "https://registry.npmjs.org/mquery/-/mquery-3.2.0.tgz",
			"integrity": "sha512-qPJcdK/yqcbQiKoemAt62Y0BAc0fTEKo1IThodBD+O5meQRJT/2HSe5QpBNwaa4CjskoGrYWsEyjkqgiE0qjhg==",
			"requires": {
				"bluebird": "3.5.1",
				"debug": "3.1.0",
				"regexp-clone": "0.0.1",
				"safe-buffer": "5.1.2",
				"sliced": "1.0.1"
			},
			"dependencies": {
				"bluebird": {
					"version": "3.5.1",
					"resolved": "https://registry.npmjs.org/bluebird/-/bluebird-3.5.1.tgz",
					"integrity": "sha512-MKiLiV+I1AA596t9w1sQJ8jkiSr5+ZKi0WKrYGUn6d1Fx+Ij4tIj+m2WMQSGczs5jZVxV339chE8iwk6F64wjA=="
				},
				"debug": {
					"version": "3.1.0",
					"resolved": "https://registry.npmjs.org/debug/-/debug-3.1.0.tgz",
					"integrity": "sha512-OX8XqP7/1a9cqkxYw2yXss15f26NKWBpDXQd0/uK/KPqdQhxbPa994hnzjcE2VqQpDslf55723cKPUOGSmMY3g==",
					"requires": {
						"ms": "2.0.0"
					}
				}
			}
		},
		"ms": {
			"version": "2.0.0",
			"resolved": "https://registry.npmjs.org/ms/-/ms-2.0.0.tgz",
			"integrity": "sha1-VgiurfwAvmwpAd9fmGF4jeDVl8g="
		},
		"nanoid": {
			"version": "2.0.1",
			"resolved": "https://registry.npmjs.org/nanoid/-/nanoid-2.0.1.tgz",
			"integrity": "sha512-k1u2uemjIGsn25zmujKnotgniC/gxQ9sdegdezeDiKdkDW56THUMqlz3urndKCXJxA6yPzSZbXx/QCMe/pxqsA=="
		},
		"next-line": {
			"version": "1.1.0",
			"resolved": "https://registry.npmjs.org/next-line/-/next-line-1.1.0.tgz",
			"integrity": "sha1-/K5XhTBStqm66CCOQN19PC0wRgM="
		},
		"normalize-package-data": {
			"version": "2.5.0",
			"resolved": "https://registry.npmjs.org/normalize-package-data/-/normalize-package-data-2.5.0.tgz",
			"integrity": "sha512-/5CMN3T0R4XTj4DcGaexo+roZSdSFW/0AOOTROrjxzCG1wrWXEsGbRKevjlIL+ZDE4sZlJr5ED4YW0yqmkK+eA==",
			"requires": {
				"hosted-git-info": "^2.1.4",
				"resolve": "^1.10.0",
				"semver": "2 || 3 || 4 || 5",
				"validate-npm-package-license": "^3.0.1"
			}
		},
		"number-is-nan": {
			"version": "1.0.1",
			"resolved": "https://registry.npmjs.org/number-is-nan/-/number-is-nan-1.0.1.tgz",
			"integrity": "sha1-CXtgK1NCKlIsGvuHkDGDNpQaAR0="
		},
		"object-filter-sequence": {
			"version": "1.0.0",
			"resolved": "https://registry.npmjs.org/object-filter-sequence/-/object-filter-sequence-1.0.0.tgz",
			"integrity": "sha512-CsubGNxhIEChNY4cXYuA6KXafztzHqzLLZ/y3Kasf3A+sa3lL9thq3z+7o0pZqzEinjXT6lXDPAfVWI59dUyzQ=="
		},
		"object-keys": {
			"version": "1.1.0",
			"resolved": "https://registry.npmjs.org/object-keys/-/object-keys-1.1.0.tgz",
			"integrity": "sha512-6OO5X1+2tYkNyNEx6TsCxEqFfRWaqx6EtMiSbGrw8Ob8v9Ne+Hl8rBAgLBZn5wjEz3s/s6U1WXFUFOcxxAwUpg=="
		},
		"object.entries": {
			"version": "1.1.0",
			"resolved": "https://registry.npmjs.org/object.entries/-/object.entries-1.1.0.tgz",
			"integrity": "sha512-l+H6EQ8qzGRxbkHOd5I/aHRhHDKoQXQ8g0BYt4uSweQU1/J6dZUOyWh9a2Vky35YCKjzmgxOzta2hH6kf9HuXA==",
			"requires": {
				"define-properties": "^1.1.3",
				"es-abstract": "^1.12.0",
				"function-bind": "^1.1.1",
				"has": "^1.0.3"
			}
		},
		"once": {
			"version": "1.4.0",
			"resolved": "https://registry.npmjs.org/once/-/once-1.4.0.tgz",
			"integrity": "sha1-WDsap3WWHUsROsF9nFC6753Xa9E=",
			"requires": {
				"wrappy": "1"
			}
		},
		"optional-js": {
			"version": "2.0.0",
			"resolved": "https://registry.npmjs.org/optional-js/-/optional-js-2.0.0.tgz",
			"integrity": "sha1-bJ4Zrf7CjFvAxwVvOAzwNFUyUxI="
		},
		"original-url": {
			"version": "1.2.2",
			"resolved": "https://registry.npmjs.org/original-url/-/original-url-1.2.2.tgz",
			"integrity": "sha512-/KlnD8SZqTIx0pU4JSVlnAv9U0VQRK5gMCA8PMwebR5afL5c88PZJIg6oHFxVDXj5b3P18MQ1zrFLoGdCzpp7Q==",
			"requires": {
				"forwarded-parse": "^2.1.0"
			}
		},
		"p-limit": {
			"version": "2.2.0",
			"resolved": "https://registry.npmjs.org/p-limit/-/p-limit-2.2.0.tgz",
			"integrity": "sha512-pZbTJpoUsCzV48Mc9Nh51VbwO0X9cuPFE8gYwx9BTCt9SF8/b7Zljd2fVgOxhIF/HDTKgpVzs+GPhyKfjLLFRQ==",
			"requires": {
				"p-try": "^2.0.0"
			}
		},
		"p-locate": {
			"version": "3.0.0",
			"resolved": "https://registry.npmjs.org/p-locate/-/p-locate-3.0.0.tgz",
			"integrity": "sha512-x+12w/To+4GFfgJhBEpiDcLozRJGegY+Ei7/z0tSLkMmxGZNybVMSfWj9aJn8Z5Fc7dBUNJOOVgPv2H7IwulSQ==",
			"requires": {
				"p-limit": "^2.0.0"
			}
		},
		"p-try": {
			"version": "2.1.0",
			"resolved": "https://registry.npmjs.org/p-try/-/p-try-2.1.0.tgz",
			"integrity": "sha512-H2RyIJ7+A3rjkwKC2l5GGtU4H1vkxKCAGsWasNVd0Set+6i4znxbWy6/j16YDPJDWxhsgZiKAstMEP8wCdSpjA=="
		},
		"parse-json": {
			"version": "4.0.0",
			"resolved": "https://registry.npmjs.org/parse-json/-/parse-json-4.0.0.tgz",
			"integrity": "sha1-vjX1Qlvh9/bHRxhPmKeIy5lHfuA=",
			"requires": {
				"error-ex": "^1.3.1",
				"json-parse-better-errors": "^1.0.1"
			}
		},
		"path-exists": {
			"version": "3.0.0",
			"resolved": "https://registry.npmjs.org/path-exists/-/path-exists-3.0.0.tgz",
			"integrity": "sha1-zg6+ql94yxiSXqfYENe1mwEP1RU="
		},
		"path-is-absolute": {
			"version": "1.0.1",
			"resolved": "https://registry.npmjs.org/path-is-absolute/-/path-is-absolute-1.0.1.tgz",
			"integrity": "sha1-F0uSaHNVNP+8es5r9TpanhtcX18="
		},
		"path-parse": {
			"version": "1.0.6",
			"resolved": "https://registry.npmjs.org/path-parse/-/path-parse-1.0.6.tgz",
			"integrity": "sha512-GSmOT2EbHrINBf9SR7CDELwlJ8AENk3Qn7OikK4nFYAu3Ote2+JYNVvkpAEQm3/TLNEJFD/xZJjzyxg3KBWOzw=="
		},
		"path-type": {
			"version": "3.0.0",
			"resolved": "https://registry.npmjs.org/path-type/-/path-type-3.0.0.tgz",
			"integrity": "sha512-T2ZUsdZFHgA3u4e5PfPbjd7HDDpxPnQb5jN0SrDsjNSuVXHJqtwTnWqG0B1jZrgmJ/7lj1EmVIByWt1gxGkWvg==",
			"requires": {
				"pify": "^3.0.0"
			}
		},
		"pify": {
			"version": "3.0.0",
			"resolved": "https://registry.npmjs.org/pify/-/pify-3.0.0.tgz",
			"integrity": "sha1-5aSs0sEB/fPZpNB/DbxNtJ3SgXY="
		},
		"pseudomap": {
			"version": "1.0.2",
			"resolved": "https://registry.npmjs.org/pseudomap/-/pseudomap-1.0.2.tgz",
			"integrity": "sha1-8FKijacOYYkX7wqKw0wa5aaChrM="
		},
		"pump": {
			"version": "3.0.0",
			"resolved": "https://registry.npmjs.org/pump/-/pump-3.0.0.tgz",
			"integrity": "sha512-LwZy+p3SFs1Pytd/jYct4wpv49HiYCqd9Rlc5ZVdk0V+8Yzv6jR5Blk3TRmPL1ft69TxP0IMZGJ+WPFU2BFhww==",
			"requires": {
				"end-of-stream": "^1.1.0",
				"once": "^1.3.1"
			}
		},
		"querystringify": {
			"version": "2.1.0",
			"resolved": "https://registry.npmjs.org/querystringify/-/querystringify-2.1.0.tgz",
			"integrity": "sha512-sluvZZ1YiTLD5jsqZcDmFyV2EwToyXZBfpoVOmktMmW+VEnhgakFHnasVph65fOjGPTWN0Nw3+XQaSeMayr0kg=="
		},
		"random-poly-fill": {
			"version": "1.0.1",
			"resolved": "https://registry.npmjs.org/random-poly-fill/-/random-poly-fill-1.0.1.tgz",
			"integrity": "sha512-bMOL0hLfrNs52+EHtIPIXxn2PxYwXb0qjnKruTjXiM/sKfYqj506aB2plFwWW1HN+ri724bAVVGparh4AtlJKw=="
		},
		"read-pkg": {
			"version": "3.0.0",
			"resolved": "https://registry.npmjs.org/read-pkg/-/read-pkg-3.0.0.tgz",
			"integrity": "sha1-nLxoaXj+5l0WwA4rGcI3/Pbjg4k=",
			"requires": {
				"load-json-file": "^4.0.0",
				"normalize-package-data": "^2.3.2",
				"path-type": "^3.0.0"
			}
		},
		"read-pkg-up": {
			"version": "4.0.0",
			"resolved": "https://registry.npmjs.org/read-pkg-up/-/read-pkg-up-4.0.0.tgz",
			"integrity": "sha512-6etQSH7nJGsK0RbG/2TeDzZFa8shjQ1um+SwQQ5cwKy0dhSXdOncEhb1CPpvQG4h7FyOV6EB6YlV0yJvZQNAkA==",
			"requires": {
				"find-up": "^3.0.0",
				"read-pkg": "^3.0.0"
			}
		},
		"readable-stream": {
			"version": "1.1.14",
			"resolved": "https://registry.npmjs.org/readable-stream/-/readable-stream-1.1.14.tgz",
			"integrity": "sha1-fPTFTvZI44EwhMY23SB54WbAgdk=",
			"requires": {
				"core-util-is": "~1.0.0",
				"inherits": "~2.0.1",
				"isarray": "0.0.1",
				"string_decoder": "~0.10.x"
			}
		},
		"redact-secrets": {
			"version": "1.0.0",
			"resolved": "https://registry.npmjs.org/redact-secrets/-/redact-secrets-1.0.0.tgz",
			"integrity": "sha1-YPHbVpJP6QogO6jMs5KDzbsNkHw=",
			"requires": {
				"is-secret": "^1.0.0",
				"traverse": "^0.6.6"
			}
		},
		"regexp-clone": {
			"version": "0.0.1",
			"resolved": "https://registry.npmjs.org/regexp-clone/-/regexp-clone-0.0.1.tgz",
			"integrity": "sha1-p8LgmJH9vzj7sQ03b7cwA+aKxYk="
		},
		"relative-microtime": {
			"version": "2.0.0",
			"resolved": "https://registry.npmjs.org/relative-microtime/-/relative-microtime-2.0.0.tgz",
			"integrity": "sha512-l18ha6HEZc+No/uK4GyAnNxgKW7nvEe35IaeN54sShMojtqik2a6GbTyuiezkjpPaqP874Z3lW5ysBo5irz4NA=="
		},
		"require-ancestors": {
			"version": "1.0.0",
			"resolved": "https://registry.npmjs.org/require-ancestors/-/require-ancestors-1.0.0.tgz",
			"integrity": "sha512-Nqeo9Gfp0KvnxTixnxLGEbThMAi+YYgnwRoigtOs1Oo3eGBYfqCd3dagq1vBCVVuc1EnIt3Eu1eGemwOOEZozw=="
		},
		"require-in-the-middle": {
			"version": "3.1.0",
			"resolved": "https://registry.npmjs.org/require-in-the-middle/-/require-in-the-middle-3.1.0.tgz",
			"integrity": "sha512-90uK2zPUGdXZSz8eI5pHHvTl3qZRZ5FHxSOnjIYIwczRcP+fjokavi//UeN9i3i2O7UWCZHTgZtrrudpusSo1g==",
			"requires": {
				"module-details-from-path": "^1.0.3",
				"resolve": "^1.5.0"
			}
		},
		"require_optional": {
			"version": "1.0.1",
			"resolved": "https://registry.npmjs.org/require_optional/-/require_optional-1.0.1.tgz",
			"integrity": "sha512-qhM/y57enGWHAe3v/NcwML6a3/vfESLe/sGM2dII+gEO0BpKRUkWZow/tyloNqJyN6kXSl3RyyM8Ll5D/sJP8g==",
			"requires": {
				"resolve-from": "^2.0.0",
				"semver": "^5.1.0"
			}
		},
		"requires-port": {
			"version": "1.0.0",
			"resolved": "https://registry.npmjs.org/requires-port/-/requires-port-1.0.0.tgz",
			"integrity": "sha1-kl0mAdOaxIXgkc8NpcbmlNw9yv8="
		},
		"resolve": {
			"version": "1.10.0",
			"resolved": "https://registry.npmjs.org/resolve/-/resolve-1.10.0.tgz",
			"integrity": "sha512-3sUr9aq5OfSg2S9pNtPA9hL1FVEAjvfOC4leW0SNf/mpnaakz2a9femSd6LqAww2RaFctwyf1lCqnTHuF1rxDg==",
			"requires": {
				"path-parse": "^1.0.6"
			}
		},
		"resolve-from": {
			"version": "2.0.0",
			"resolved": "https://registry.npmjs.org/resolve-from/-/resolve-from-2.0.0.tgz",
			"integrity": "sha1-lICrIOlP+h2egKgEx+oUdhGWa1c="
		},
		"safe-buffer": {
			"version": "5.1.2",
			"resolved": "https://registry.npmjs.org/safe-buffer/-/safe-buffer-5.1.2.tgz",
			"integrity": "sha512-Gd2UZBJDkXlY7GbJxfsE8/nvKkUEU1G38c1siN6QP6a9PT9MmHB8GnpscSmMJSoF8LOIrt8ud/wPtojys4G6+g=="
		},
		"saslprep": {
			"version": "1.0.2",
			"resolved": "https://registry.npmjs.org/saslprep/-/saslprep-1.0.2.tgz",
			"integrity": "sha512-4cDsYuAjXssUSjxHKRe4DTZC0agDwsCqcMqtJAQPzC74nJ7LfAJflAtC1Zed5hMzEQKj82d3tuzqdGNRsLJ4Gw==",
			"optional": true,
			"requires": {
				"sparse-bitfield": "^3.0.3"
			}
		},
		"semver": {
			"version": "5.6.0",
			"resolved": "https://registry.npmjs.org/semver/-/semver-5.6.0.tgz",
			"integrity": "sha512-RS9R6R35NYgQn++fkDWaOmqGoj4Ek9gGs+DPxNUZKuwE183xjJroKvyo1IzVFeXvUrvmALy6FWD5xrdJT25gMg=="
		},
		"set-cookie-serde": {
			"version": "1.0.0",
			"resolved": "https://registry.npmjs.org/set-cookie-serde/-/set-cookie-serde-1.0.0.tgz",
			"integrity": "sha512-Vq8e5GsupfJ7okHIvEPcfs5neCo7MZ1ZuWrO3sllYi3DOWt6bSSCpADzqXjz3k0fXehnoFIrmmhty9IN6U6BXQ=="
		},
		"sliced": {
			"version": "1.0.1",
			"resolved": "https://registry.npmjs.org/sliced/-/sliced-1.0.1.tgz",
			"integrity": "sha1-CzpmK10Ewxd7GSa+qCsD+Dei70E="
		},
		"source-map": {
			"version": "0.5.7",
			"resolved": "https://registry.npmjs.org/source-map/-/source-map-0.5.7.tgz",
			"integrity": "sha1-igOdLRAh0i0eoUyA2OpGi6LvP8w="
		},
		"sparse-bitfield": {
			"version": "3.0.3",
			"resolved": "https://registry.npmjs.org/sparse-bitfield/-/sparse-bitfield-3.0.3.tgz",
			"integrity": "sha1-/0rm5oZWBWuks+eSqzM004JzyhE=",
			"optional": true,
			"requires": {
				"memory-pager": "^1.0.2"
			}
		},
		"spdx-correct": {
			"version": "3.1.0",
			"resolved": "https://registry.npmjs.org/spdx-correct/-/spdx-correct-3.1.0.tgz",
			"integrity": "sha512-lr2EZCctC2BNR7j7WzJ2FpDznxky1sjfxvvYEyzxNyb6lZXHODmEoJeFu4JupYlkfha1KZpJyoqiJ7pgA1qq8Q==",
			"requires": {
				"spdx-expression-parse": "^3.0.0",
				"spdx-license-ids": "^3.0.0"
			}
		},
		"spdx-exceptions": {
			"version": "2.2.0",
			"resolved": "https://registry.npmjs.org/spdx-exceptions/-/spdx-exceptions-2.2.0.tgz",
			"integrity": "sha512-2XQACfElKi9SlVb1CYadKDXvoajPgBVPn/gOQLrTvHdElaVhr7ZEbqJaRnJLVNeaI4cMEAgVCeBMKF6MWRDCRA=="
		},
		"spdx-expression-parse": {
			"version": "3.0.0",
			"resolved": "https://registry.npmjs.org/spdx-expression-parse/-/spdx-expression-parse-3.0.0.tgz",
			"integrity": "sha512-Yg6D3XpRD4kkOmTpdgbUiEJFKghJH03fiC1OPll5h/0sO6neh2jqRDVHOQ4o/LMea0tgCkbMgea5ip/e+MkWyg==",
			"requires": {
				"spdx-exceptions": "^2.1.0",
				"spdx-license-ids": "^3.0.0"
			}
		},
		"spdx-license-ids": {
			"version": "3.0.3",
			"resolved": "https://registry.npmjs.org/spdx-license-ids/-/spdx-license-ids-3.0.3.tgz",
			"integrity": "sha512-uBIcIl3Ih6Phe3XHK1NqboJLdGfwr1UN3k6wSD1dZpmPsIkb8AGNbZYJ1fOBk834+Gxy8rpfDxrS6XLEMZMY2g=="
		},
		"sql-summary": {
			"version": "1.0.1",
			"resolved": "https://registry.npmjs.org/sql-summary/-/sql-summary-1.0.1.tgz",
			"integrity": "sha512-IpCr2tpnNkP3Jera4ncexsZUp0enJBLr+pHCyTweMUBrbJsTgQeLWx1FXLhoBj/MvcnUQpkgOn2EY8FKOkUzww=="
		},
		"stackman": {
			"version": "3.0.2",
			"resolved": "https://registry.npmjs.org/stackman/-/stackman-3.0.2.tgz",
			"integrity": "sha512-DZ9bB3fZhcYkFnPgEop7o3MKX8rGBXcasWeUIPB5kpD7bbVx2nSvU3+E8bX8bFEd/JHEmcqU+eu8oaOqO69YsQ==",
			"requires": {
				"after-all-results": "^2.0.0",
				"async-cache": "^1.1.0",
				"debug": "^2.2.0",
				"error-callsites": "^1.0.1",
				"load-source-map": "^1.0.0",
				"path-is-absolute": "^1.0.1"
			}
		},
		"stream-chopper": {
			"version": "3.0.1",
			"resolved": "https://registry.npmjs.org/stream-chopper/-/stream-chopper-3.0.1.tgz",
			"integrity": "sha512-f7h+ly8baAE26iIjcp3VbnBkbIRGtrvV0X0xxFM/d7fwLTYnLzDPTXRKNxa2HZzohOrc96NTrR+FaV3mzOelNA==",
			"requires": {
				"readable-stream": "^3.0.6"
			},
			"dependencies": {
				"readable-stream": {
					"version": "3.2.0",
					"resolved": "https://registry.npmjs.org/readable-stream/-/readable-stream-3.2.0.tgz",
					"integrity": "sha512-RV20kLjdmpZuTF1INEb9IA3L68Nmi+Ri7ppZqo78wj//Pn62fCoJyV9zalccNzDD/OuJpMG4f+pfMl8+L6QdGw==",
					"requires": {
						"inherits": "^2.0.3",
						"string_decoder": "^1.1.1",
						"util-deprecate": "^1.0.1"
					}
				},
				"string_decoder": {
					"version": "1.2.0",
					"resolved": "https://registry.npmjs.org/string_decoder/-/string_decoder-1.2.0.tgz",
					"integrity": "sha512-6YqyX6ZWEYguAxgZzHGL7SsCeGx3V2TtOTqZz1xSTSWnqsbWwbptafNyvf/ACquZUXV3DANr5BDIwNYe1mN42w==",
					"requires": {
						"safe-buffer": "~5.1.0"
					}
				}
			}
		},
		"string_decoder": {
			"version": "0.10.31",
			"resolved": "https://registry.npmjs.org/string_decoder/-/string_decoder-0.10.31.tgz",
			"integrity": "sha1-YuIDvEF2bGwoyfyEMB2rHFMQ+pQ="
		},
		"strip-bom": {
			"version": "3.0.0",
			"resolved": "https://registry.npmjs.org/strip-bom/-/strip-bom-3.0.0.tgz",
			"integrity": "sha1-IzTBjpx1n3vdVv3vfprj1YjmjtM="
		},
		"to-source-code": {
			"version": "1.0.2",
			"resolved": "https://registry.npmjs.org/to-source-code/-/to-source-code-1.0.2.tgz",
			"integrity": "sha1-3RNr2x4dvYC76s8IiZJnjpBwv+o=",
			"requires": {
				"is-nil": "^1.0.0"
			}
		},
		"traceparent": {
			"version": "1.0.0",
			"resolved": "https://registry.npmjs.org/traceparent/-/traceparent-1.0.0.tgz",
			"integrity": "sha512-b/hAbgx57pANQ6cg2eBguY3oxD6FGVLI1CC2qoi01RmHR7AYpQHPXTig9FkzbWohEsVuHENZHP09aXuw3/LM+w==",
			"requires": {
				"random-poly-fill": "^1.0.1"
			}
		},
		"traverse": {
			"version": "0.6.6",
			"resolved": "https://registry.npmjs.org/traverse/-/traverse-0.6.6.tgz",
			"integrity": "sha1-y99WD9e5r2MlAv7UD5GMFX6pcTc="
		},
		"unicode-byte-truncate": {
			"version": "1.0.0",
			"resolved": "https://registry.npmjs.org/unicode-byte-truncate/-/unicode-byte-truncate-1.0.0.tgz",
			"integrity": "sha1-qm8PNHUZP+IMMgrJIT425i6HZKc=",
			"requires": {
				"is-integer": "^1.0.6",
				"unicode-substring": "^0.1.0"
			}
		},
		"unicode-substring": {
			"version": "0.1.0",
			"resolved": "https://registry.npmjs.org/unicode-substring/-/unicode-substring-0.1.0.tgz",
			"integrity": "sha1-YSDOPDkDhdvND2DDK5BlxBgdSzY="
		},
		"url-parse": {
			"version": "1.4.4",
			"resolved": "https://registry.npmjs.org/url-parse/-/url-parse-1.4.4.tgz",
			"integrity": "sha512-/92DTTorg4JjktLNLe6GPS2/RvAd/RGr6LuktmWSMLEOa6rjnlrFXNgSbSmkNvCoL2T028A0a1JaJLzRMlFoHg==",
			"requires": {
				"querystringify": "^2.0.0",
				"requires-port": "^1.0.0"
			}
		},
		"util-deprecate": {
			"version": "1.0.2",
			"resolved": "https://registry.npmjs.org/util-deprecate/-/util-deprecate-1.0.2.tgz",
			"integrity": "sha1-RQ1Nyfpw3nMnYvvS1KKJgUGaDM8="
		},
		"validate-npm-package-license": {
			"version": "3.0.4",
			"resolved": "https://registry.npmjs.org/validate-npm-package-license/-/validate-npm-package-license-3.0.4.tgz",
			"integrity": "sha512-DpKm2Ui/xN7/HQKCtpZxoRWBhZ9Z0kqtygG8XCgNQ8ZlDnxuQmWhj566j8fN4Cu3/JmbhsDo7fcAJq4s9h27Ew==",
			"requires": {
				"spdx-correct": "^3.0.0",
				"spdx-expression-parse": "^3.0.0"
			}
		},
		"wrappy": {
			"version": "1.0.2",
			"resolved": "https://registry.npmjs.org/wrappy/-/wrappy-1.0.2.tgz",
			"integrity": "sha1-tSQ9jz7BqjXxNkYFvA0QNuMKtp8="
		},
		"yallist": {
			"version": "2.1.2",
			"resolved": "https://registry.npmjs.org/yallist/-/yallist-2.1.2.tgz",
			"integrity": "sha1-HBH5IY8HYImkfdUS+TxmmaaoHVI="
		}
	}
}
